
Microsoft Visual Studio Solution File, Format Version 12.00
# Visual Studio Version 17
VisualStudioVersion = 17.14.36518.9 d17.14
MinimumVisualStudioVersion = 10.0.40219.1
Project("{FAE04EC0-301F-11D3-BF4B-00C04F79EFBC}") = "FaceDetectionApp", "FaceDetectionApp\FaceDetectionApp.csproj", "{7DD03D16-4A16-4E9C-ABDA-F5AD7238A044}"
EndProject
Global
	GlobalSection(SolutionConfigurationPlatforms) = preSolution
		Debug|Any CPU = Debug|Any CPU
		Debug|x64 = Debug|x64
		Release|Any CPU = Release|Any CPU
		Release|x64 = Release|x64
	EndGlobalSection
	GlobalSection(ProjectConfigurationPlatforms) = postSolution
		{7DD03D16-4A16-4E9C-ABDA-F5AD7238A044}.Debug|Any CPU.ActiveCfg = Debug|Any CPU
		{7DD03D16-4A16-4E9C-ABDA-F5AD7238A044}.Debug|Any CPU.Build.0 = Debug|Any CPU
		{7DD03D16-4A16-4E9C-ABDA-F5AD7238A044}.Debug|x64.ActiveCfg = Debug|x64
		{7DD03D16-4A16-4E9C-ABDA-F5AD7238A044}.Debug|x64.Build.0 = Debug|x64
		{7DD03D16-4A16-4E9C-ABDA-F5AD7238A044}.Release|Any CPU.ActiveCfg = Release|Any CPU
		{7DD03D16-4A16-4E9C-ABDA-F5AD7238A044}.Release|Any CPU.Build.0 = Release|Any CPU
		{7DD03D16-4A16-4E9C-ABDA-F5AD7238A044}.Release|x64.ActiveCfg = Release|x64
		{7DD03D16-4A16-4E9C-ABDA-F5AD7238A044}.Release|x64.Build.0 = Release|x64
	EndGlobalSection
	GlobalSection(SolutionProperties) = preSolution
		HideSolutionNode = FALSE
	EndGlobalSection
	GlobalSection(ExtensibilityGlobals) = postSolution
		SolutionGuid = {A6277C2B-5210-44C2-A24F-7384C47DEAA2}
	EndGlobalSection
EndGlobal
